
Microsoft Visual Studio Solution File, Format Version 12.00
# Visual Studio Version 17
VisualStudioVersion = 17.3.32901.215
MinimumVisualStudioVersion = 10.0.40219.1
Project("{FAE04EC0-301F-11D3-BF4B-00C04F79EFBC}") = "IParcial_Progra2_Jose Chan", "IParcial_Progra2_Jose Chan.csproj", "{94BEBC5F-55FC-45EF-82C7-04AC58522D76}"
EndProject
Global
	GlobalSection(SolutionConfigurationPlatforms) = preSolution
		Debug|Any CPU = Debug|Any CPU
		Release|Any CPU = Release|Any CPU
	EndGlobalSection
	GlobalSection(ProjectConfigurationPlatforms) = postSolution
		{94BEBC5F-55FC-45EF-82C7-04AC58522D76}.Debug|Any CPU.ActiveCfg = Debug|Any CPU
		{94BEBC5F-55FC-45EF-82C7-04AC58522D76}.Debug|Any CPU.Build.0 = Debug|Any CPU
		{94BEBC5F-55FC-45EF-82C7-04AC58522D76}.Release|Any CPU.ActiveCfg = Release|Any CPU
		{94BEBC5F-55FC-45EF-82C7-04AC58522D76}.Release|Any CPU.Build.0 = Release|Any CPU
	EndGlobalSection
	GlobalSection(SolutionProperties) = preSolution
		HideSolutionNode = FALSE
	EndGlobalSection
	GlobalSection(ExtensibilityGlobals) = postSolution
		SolutionGuid = {34F645FC-4136-4500-89A0-ED5EC84EF1DB}
	EndGlobalSection
EndGlobal
